
Microsoft Visual Studio Solution File, Format Version 12.00
# Visual Studio Version 16
VisualStudioVersion = 16.0.31829.152
MinimumVisualStudioVersion = 10.0.40219.1
Project("{FAE04EC0-301F-11D3-BF4B-00C04F79EFBC}") = "LinkStationFinder", "LinkStationFinder\LinkStationFinder.csproj", "{689D80CB-4EC4-425B-A0D9-32208F53F712}"
EndProject
Global
	GlobalSection(SolutionConfigurationPlatforms) = preSolution
		Debug|Any CPU = Debug|Any CPU
		Release|Any CPU = Release|Any CPU
	EndGlobalSection
	GlobalSection(ProjectConfigurationPlatforms) = postSolution
		{689D80CB-4EC4-425B-A0D9-32208F53F712}.Debug|Any CPU.ActiveCfg = Debug|Any CPU
		{689D80CB-4EC4-425B-A0D9-32208F53F712}.Debug|Any CPU.Build.0 = Debug|Any CPU
		{689D80CB-4EC4-425B-A0D9-32208F53F712}.Release|Any CPU.ActiveCfg = Release|Any CPU
		{689D80CB-4EC4-425B-A0D9-32208F53F712}.Release|Any CPU.Build.0 = Release|Any CPU
	EndGlobalSection
	GlobalSection(SolutionProperties) = preSolution
		HideSolutionNode = FALSE
	EndGlobalSection
	GlobalSection(ExtensibilityGlobals) = postSolution
		SolutionGuid = {504C9D1C-27E8-4CA0-B90C-98D7AB334D2C}
	EndGlobalSection
EndGlobal
